
Microsoft Visual Studio Solution File, Format Version 12.00
# Visual Studio Version 16
VisualStudioVersion = 16.0.31112.23
MinimumVisualStudioVersion = 10.0.40219.1
Project("{FAE04EC0-301F-11D3-BF4B-00C04F79EFBC}") = "project-2", "project-2.csproj", "{92B003A5-4D52-4CD1-9EC7-EB221505FA5D}"
EndProject
Global
	GlobalSection(SolutionConfigurationPlatforms) = preSolution
		Debug|Any CPU = Debug|Any CPU
		Release|Any CPU = Release|Any CPU
	EndGlobalSection
	GlobalSection(ProjectConfigurationPlatforms) = postSolution
		{92B003A5-4D52-4CD1-9EC7-EB221505FA5D}.Debug|Any CPU.ActiveCfg = Debug|Any CPU
		{92B003A5-4D52-4CD1-9EC7-EB221505FA5D}.Debug|Any CPU.Build.0 = Debug|Any CPU
		{92B003A5-4D52-4CD1-9EC7-EB221505FA5D}.Release|Any CPU.ActiveCfg = Release|Any CPU
		{92B003A5-4D52-4CD1-9EC7-EB221505FA5D}.Release|Any CPU.Build.0 = Release|Any CPU
	EndGlobalSection
	GlobalSection(SolutionProperties) = preSolution
		HideSolutionNode = FALSE
	EndGlobalSection
	GlobalSection(ExtensibilityGlobals) = postSolution
		SolutionGuid = {C9A9E633-1275-402B-8569-99A3FD5E74BA}
	EndGlobalSection
EndGlobal
